// !$*UTF8*$!
{
	archiveVersion = 1;
	classes = {
	};
	objectVersion = 60;
	objects = {

/* Begin PBXBuildFile section */
		FB8BEBE42C24AA4E00FB8EB5 /* IceCreamApp.swift in Sources */ = {isa = PBXBuildFile; fileRef = FB8BEBE32C24AA4E00FB8EB5 /* IceCreamApp.swift */; };
		FB8BEBE62C24AA4E00FB8EB5 /* ContentView.swift in Sources */ = {isa = PBXBuildFile; fileRef = FB8BEBE52C24AA4E00FB8EB5 /* ContentView.swift */; };
		FB8BEBE82C24AA5000FB8EB5 /* Assets.xcassets in Resources */ = {isa = PBXBuildFile; fileRef = FB8BEBE72C24AA5000FB8EB5 /* Assets.xcassets */; };
		FB8BEBEB2C24AA5000FB8EB5 /* Preview Assets.xcassets in Resources */ = {isa = PBXBuildFile; fileRef = FB8BEBEA2C24AA5000FB8EB5 /* Preview Assets.xcassets */; };
		FB8BEBF22C24AA6000FB8EB5 /* IceCream.swift in Sources */ = {isa = PBXBuildFile; fileRef = FB8BEBF12C24AA6000FB8EB5 /* IceCream.swift */; };
		FB8BEBF82C24AC3700FB8EB5 /* IceCreamDetailView.swift in Sources */ = {isa = PBXBuildFile; fileRef = FB8BEBF72C24AC3700FB8EB5 /* IceCreamDetailView.swift */; };
		FBCE06C02C259B13006D6CCE /* IceCreamViewModel.swift in Sources */ = {isa = PBXBuildFile; fileRef = FBCE06BF2C259B13006D6CCE /* IceCreamViewModel.swift */; };
/* End PBXBuildFile section */

/* Begin PBXFileReference section */
		FB8BEBE02C24AA4E00FB8EB5 /* IceCream.app */ = {isa = PBXFileReference; explicitFileType = wrapper.application; includeInIndex = 0; path = IceCream.app; sourceTree = BUILT_PRODUCTS_DIR; };
		FB8BEBE32C24AA4E00FB8EB5 /* IceCreamApp.swift */ = {isa = PBXFileReference; lastKnownFileType = sourcecode.swift; path = IceCreamApp.swift; sourceTree = "<group>"; };
		FB8BEBE52C24AA4E00FB8EB5 /* ContentView.swift */ = {isa = PBXFileReference; lastKnownFileType = sourcecode.swift; path = ContentView.swift; sourceTree = "<group>"; };
		FB8BEBE72C24AA5000FB8EB5 /* Assets.xcassets */ = {isa = PBXFileReference; lastKnownFileType = folder.assetcatalog; path = Assets.xcassets; sourceTree = "<group>"; };
		FB8BEBEA2C24AA5000FB8EB5 /* Preview Assets.xcassets */ = {isa = PBXFileReference; lastKnownFileType = folder.assetcatalog; path = "Preview Assets.xcassets"; sourceTree = "<group>"; };
		FB8BEBF12C24AA6000FB8EB5 /* IceCream.swift */ = {isa = PBXFileReference; lastKnownFileType = sourcecode.swift; path = IceCream.swift; sourceTree = "<group>"; };
		FB8BEBF72C24AC3700FB8EB5 /* IceCreamDetailView.swift */ = {isa = PBXFileReference; lastKnownFileType = sourcecode.swift; path = IceCreamDetailView.swift; sourceTree = "<group>"; };
		FBCE06BF2C259B13006D6CCE /* IceCreamViewModel.swift */ = {isa = PBXFileReference; lastKnownFileType = sourcecode.swift; path = IceCreamViewModel.swift; sourceTree = "<group>"; };
/* End PBXFileReference section */

/* Begin PBXFrameworksBuildPhase section */
		FB8BEBDD2C24AA4E00FB8EB5 /* Frameworks */ = {
			isa = PBXFrameworksBuildPhase;
			buildActionMask = 2147483647;
			files = (
			);
			runOnlyForDeploymentPostprocessing = 0;
		};
/* End PBXFrameworksBuildPhase section */

/* Begin PBXGroup section */
		FB8BEBD72C24AA4E00FB8EB5 = {
			isa = PBXGroup;
			children = (
				FB8BEBE22C24AA4E00FB8EB5 /* IceCream */,
				FB8BEBE12C24AA4E00FB8EB5 /* Products */,
			);
			sourceTree = "<group>";
		};
		FB8BEBE12C24AA4E00FB8EB5 /* Products */ = {
			isa = PBXGroup;
			children = (
				FB8BEBE02C24AA4E00FB8EB5 /* IceCream.app */,
			);
			name = Products;
			sourceTree = "<group>";
		};
		FB8BEBE22C24AA4E00FB8EB5 /* IceCream */ = {
			isa = PBXGroup;
			children = (
				FB8BEBE32C24AA4E00FB8EB5 /* IceCreamApp.swift */,
				FB8BEBF12C24AA6000FB8EB5 /* IceCream.swift */,
				FBCE06BF2C259B13006D6CCE /* IceCreamViewModel.swift */,
				FB8BEBF72C24AC3700FB8EB5 /* IceCreamDetailView.swift */,
				FB8BEBE52C24AA4E00FB8EB5 /* ContentView.swift */,
				FB8BEBE72C24AA5000FB8EB5 /* Assets.xcassets */,
				FB8BEBE92C24AA5000FB8EB5 /* Preview Content */,
			);
			path = IceCream;
			sourceTree = "<group>";
		};
		FB8BEBE92C24AA5000FB8EB5 /* Preview Content */ = {
			isa = PBXGroup;
			children = (
				FB8BEBEA2C24AA5000FB8EB5 /* Preview Assets.xcassets */,
			);
			path = "Preview Content";
			sourceTree = "<group>";
		};
/* End PBXGroup section */

/* Begin PBXNativeTarget section */
		FB8BEBDF2C24AA4E00FB8EB5 /* IceCream */ = {
			isa = PBXNativeTarget;
			buildConfigurationList = FB8BEBEE2C24AA5000FB8EB5 /* Build configuration list for PBXNativeTarget "IceCream" */;
			buildPhases = (
				FB8BEBDC2C24AA4E00FB8EB5 /* Sources */,
				FB8BEBDD2C24AA4E00FB8EB5 /* Frameworks */,
				FB8BEBDE2C24AA4E00FB8EB5 /* Resources */,
			);
			buildRules = (
			);
			dependencies = (
			);
			name = IceCream;
			productName = IceCream;
			productReference = FB8BEBE02C24AA4E00FB8EB5 /* IceCream.app */;
			productType = "com.apple.product-type.application";
		};
/* End PBXNativeTarget section */

/* Begin PBXProject section */
		FB8BEBD82C24AA4E00FB8EB5 /* Project object */ = {
			isa = PBXProject;
			attributes = {
				BuildIndependentTargetsInParallel = 1;
				LastSwiftUpdateCheck = 1600;
				LastUpgradeCheck = 1600;
				TargetAttributes = {
					FB8BEBDF2C24AA4E00FB8EB5 = {
						CreatedOnToolsVersion = 16.0;
					};
				};
			};
			buildConfigurationList = FB8BEBDB2C24AA4E00FB8EB5 /* Build configuration list for PBXProject "IceCream" */;
			compatibilityVersion = "Xcode 15.0";
			developmentRegion = en;
			hasScannedForEncodings = 0;
			knownRegions = (
				en,
				Base,
			);
			mainGroup = FB8BEBD72C24AA4E00FB8EB5;
			productRefGroup = FB8BEBE12C24AA4E00FB8EB5 /* Products */;
			projectDirPath = "";
			projectRoot = "";
			targets = (
				FB8BEBDF2C24AA4E00FB8EB5 /* IceCream */,
			);
		};
/* End PBXProject section */

/* Begin PBXResourcesBuildPhase section */
		FB8BEBDE2C24AA4E00FB8EB5 /* Resources */ = {
			isa = PBXResourcesBuildPhase;
			buildActionMask = 2147483647;
			files = (
				FB8BEBEB2C24AA5000FB8EB5 /* Preview Assets.xcassets in Resources */,
				FB8BEBE82C24AA5000FB8EB5 /* Assets.xcassets in Resources */,
			);
			runOnlyForDeploymentPostprocessing = 0;
		};
/* End PBXResourcesBuildPhase section */

/* Begin PBXSourcesBuildPhase section */
		FB8BEBDC2C24AA4E00FB8EB5 /* Sources */ = {
			isa = PBXSourcesBuildPhase;
			buildActionMask = 2147483647;
			files = (
				FB8BEBE62C24AA4E00FB8EB5 /* ContentView.swift in Sources */,
				FB8BEBE42C24AA4E00FB8EB5 /* IceCreamApp.swift in Sources */,
				FB8BEBF82C24AC3700FB8EB5 /* IceCreamDetailView.swift in Sources */,
				FB8BEBF22C24AA6000FB8EB5 /* IceCream.swift in Sources */,
				FBCE06C02C259B13006D6CCE /* IceCreamViewModel.swift in Sources */,
			);
			runOnlyForDeploymentPostprocessing = 0;
		};
/* End PBXSourcesBuildPhase section */

/* Begin XCBuildConfiguration section */
		FB8BEBEC2C24AA5000FB8EB5 /* Debug */ = {
			isa = XCBuildConfiguration;
			buildSettings = {
				ALWAYS_SEARCH_USER_PATHS = NO;
				ASSETCATALOG_COMPILER_GENERATE_SWIFT_ASSET_SYMBOL_EXTENSIONS = YES;
				CLANG_ANALYZER_NONNULL = YES;
				CLANG_ANALYZER_NUMBER_OBJECT_CONVERSION = YES_AGGRESSIVE;
				CLANG_CXX_LANGUAGE_STANDARD = "gnu++20";
				CLANG_ENABLE_MODULES = YES;
				CLANG_ENABLE_OBJC_ARC = YES;
				CLANG_ENABLE_OBJC_WEAK = YES;
				CLANG_WARN_BLOCK_CAPTURE_AUTORELEASING = YES;
				CLANG_WARN_BOOL_CONVERSION = YES;
				CLANG_WARN_COMMA = YES;
				CLANG_WARN_CONSTANT_CONVERSION = YES;
				CLANG_WARN_DEPRECATED_OBJC_IMPLEMENTATIONS = YES;
				CLANG_WARN_DIRECT_OBJC_ISA_USAGE = YES_ERROR;
				CLANG_WARN_DOCUMENTATION_COMMENTS = YES;
				CLANG_WARN_EMPTY_BODY = YES;
				CLANG_WARN_ENUM_CONVERSION = YES;
				CLANG_WARN_INFINITE_RECURSION = YES;
				CLANG_WARN_INT_CONVERSION = YES;
				CLANG_WARN_NON_LITERAL_NULL_CONVERSION = YES;
				CLANG_WARN_OBJC_IMPLICIT_RETAIN_SELF = YES;
				CLANG_WARN_OBJC_LITERAL_CONVERSION = YES;
				CLANG_WARN_OBJC_ROOT_CLASS = YES_ERROR;
				CLANG_WARN_QUOTED_INCLUDE_IN_FRAMEWORK_HEADER = YES;
				CLANG_WARN_RANGE_LOOP_ANALYSIS = YES;
				CLANG_WARN_STRICT_PROTOTYPES = YES;
				CLANG_WARN_SUSPICIOUS_MOVE = YES;
				CLANG_WARN_UNGUARDED_AVAILABILITY = YES_AGGRESSIVE;
				CLANG_WARN_UNREACHABLE_CODE = YES;
				CLANG_WARN__DUPLICATE_METHOD_MATCH = YES;
				COPY_PHASE_STRIP = NO;
				DEBUG_INFORMATION_FORMAT = dwarf;
				ENABLE_STRICT_OBJC_MSGSEND = YES;
				ENABLE_TESTABILITY = YES;
				ENABLE_USER_SCRIPT_SANDBOXING = YES;
				GCC_C_LANGUAGE_STANDARD = gnu17;
				GCC_DYNAMIC_NO_PIC = NO;
				GCC_NO_COMMON_BLOCKS = YES;
				GCC_OPTIMIZATION_LEVEL = 0;
				GCC_PREPROCESSOR_DEFINITIONS = (
					"DEBUG=1",
					"$(inherited)",
				);
				GCC_WARN_64_TO_32_BIT_CONVERSION = YES;
				GCC_WARN_ABOUT_RETURN_TYPE = YES_ERROR;
				GCC_WARN_UNDECLARED_SELECTOR = YES;
				GCC_WARN_UNINITIALIZED_AUTOS = YES_AGGRESSIVE;
				GCC_WARN_UNUSED_FUNCTION = YES;
				GCC_WARN_UNUSED_VARIABLE = YES;
				IPHONEOS_DEPLOYMENT_TARGET = 18.0;
				LOCALIZATION_PREFERS_STRING_CATALOGS = YES;
				MTL_ENABLE_DEBUG_INFO = INCLUDE_SOURCE;
				MTL_FAST_MATH = YES;
				ONLY_ACTIVE_ARCH = YES;
				SDKROOT = iphoneos;
				SWIFT_ACTIVE_COMPILATION_CONDITIONS = "DEBUG $(inherited)";
				SWIFT_OPTIMIZATION_LEVEL = "-Onone";
			};
			name = Debug;
		};
		FB8BEBED2C24AA5000FB8EB5 /* Release */ = {
			isa = XCBuildConfiguration;
			buildSettings = {
				ALWAYS_SEARCH_USER_PATHS = NO;
				ASSETCATALOG_COMPILER_GENERATE_SWIFT_ASSET_SYMBOL_EXTENSIONS = YES;
				CLANG_ANALYZER_NONNULL = YES;
				CLANG_ANALYZER_NUMBER_OBJECT_CONVERSION = YES_AGGRESSIVE;
				CLANG_CXX_LANGUAGE_STANDARD = "gnu++20";
				CLANG_ENABLE_MODULES = YES;
				CLANG_ENABLE_OBJC_ARC = YES;
				CLANG_ENABLE_OBJC_WEAK = YES;
				CLANG_WARN_BLOCK_CAPTURE_AUTORELEASING = YES;
				CLANG_WARN_BOOL_CONVERSION = YES;
				CLANG_WARN_COMMA = YES;
				CLANG_WARN_CONSTANT_CONVERSION = YES;
				CLANG_WARN_DEPRECATED_OBJC_IMPLEMENTATIONS = YES;
				CLANG_WARN_DIRECT_OBJC_ISA_USAGE = YES_ERROR;
				CLANG_WARN_DOCUMENTATION_COMMENTS = YES;
				CLANG_WARN_EMPTY_BODY = YES;
				CLANG_WARN_ENUM_CONVERSION = YES;
				CLANG_WARN_INFINITE_RECURSION = YES;
				CLANG_WARN_INT_CONVERSION = YES;
				CLANG_WARN_NON_LITERAL_NULL_CONVERSION = YES;
				CLANG_WARN_OBJC_IMPLICIT_RETAIN_SELF = YES;
				CLANG_WARN_OBJC_LITERAL_CONVERSION = YES;
				CLANG_WARN_OBJC_ROOT_CLASS = YES_ERROR;
				CLANG_WARN_QUOTED_INCLUDE_IN_FRAMEWORK_HEADER = YES;
				CLANG_WARN_RANGE_LOOP_ANALYSIS = YES;
				CLANG_WARN_STRICT_PROTOTYPES = YES;
				CLANG_WARN_SUSPICIOUS_MOVE = YES;
				CLANG_WARN_UNGUARDED_AVAILABILITY = YES_AGGRESSIVE;
				CLANG_WARN_UNREACHABLE_CODE = YES;
				CLANG_WARN__DUPLICATE_METHOD_MATCH = YES;
				COPY_PHASE_STRIP = NO;
				DEBUG_INFORMATION_FORMAT = "dwarf-with-dsym";
				ENABLE_NS_ASSERTIONS = NO;
				ENABLE_STRICT_OBJC_MSGSEND = YES;
				ENABLE_USER_SCRIPT_SANDBOXING = YES;
				GCC_C_LANGUAGE_STANDARD = gnu17;
				GCC_NO_COMMON_BLOCKS = YES;
				GCC_WARN_64_TO_32_BIT_CONVERSION = YES;
				GCC_WARN_ABOUT_RETURN_TYPE = YES_ERROR;
				GCC_WARN_UNDECLARED_SELECTOR = YES;
				GCC_WARN_UNINITIALIZED_AUTOS = YES_AGGRESSIVE;
				GCC_WARN_UNUSED_FUNCTION = YES;
				GCC_WARN_UNUSED_VARIABLE = YES;
				IPHONEOS_DEPLOYMENT_TARGET = 18.0;
				LOCALIZATION_PREFERS_STRING_CATALOGS = YES;
				MTL_ENABLE_DEBUG_INFO = NO;
				MTL_FAST_MATH = YES;
				SDKROOT = iphoneos;
				SWIFT_COMPILATION_MODE = wholemodule;
				VALIDATE_PRODUCT = YES;
			};
			name = Release;
		};
		FB8BEBEF2C24AA5000FB8EB5 /* Debug */ = {
			isa = XCBuildConfiguration;
			buildSettings = {
				ASSETCATALOG_COMPILER_APPICON_NAME = AppIcon;
				ASSETCATALOG_COMPILER_GLOBAL_ACCENT_COLOR_NAME = AccentColor;
				CODE_SIGN_STYLE = Automatic;
				CURRENT_PROJECT_VERSION = 1;
				DEVELOPMENT_ASSET_PATHS = "\"IceCream/Preview Content\"";
				DEVELOPMENT_TEAM = FJAGVBA8NB;
				ENABLE_PREVIEWS = YES;
				GENERATE_INFOPLIST_FILE = YES;
				INFOPLIST_KEY_UIApplicationSceneManifest_Generation = YES;
				INFOPLIST_KEY_UIApplicationSupportsIndirectInputEvents = YES;
				INFOPLIST_KEY_UILaunchScreen_Generation = YES;
				INFOPLIST_KEY_UISupportedInterfaceOrientations_iPad = "UIInterfaceOrientationPortrait UIInterfaceOrientationPortraitUpsideDown UIInterfaceOrientationLandscapeLeft UIInterfaceOrientationLandscapeRight";
				INFOPLIST_KEY_UISupportedInterfaceOrientations_iPhone = "UIInterfaceOrientationPortrait UIInterfaceOrientationLandscapeLeft UIInterfaceOrientationLandscapeRight";
				LD_RUNPATH_SEARCH_PATHS = (
					"$(inherited)",
					"@executable_path/Frameworks",
				);
				MARKETING_VERSION = 1.0;
				PRODUCT_BUNDLE_IDENTIFIER = SunjBob.IceCream;
				PRODUCT_NAME = "$(TARGET_NAME)";
				SWIFT_EMIT_LOC_STRINGS = YES;
				SWIFT_VERSION = 5.0;
				TARGETED_DEVICE_FAMILY = "1,2";
			};
			name = Debug;
		};
		FB8BEBF02C24AA5000FB8EB5 /* Release */ = {
			isa = XCBuildConfiguration;
			buildSettings = {
				ASSETCATALOG_COMPILER_APPICON_NAME = AppIcon;
				ASSETCATALOG_COMPILER_GLOBAL_ACCENT_COLOR_NAME = AccentColor;
				CODE_SIGN_STYLE = Automatic;
				CURRENT_PROJECT_VERSION = 1;
				DEVELOPMENT_ASSET_PATHS = "\"IceCream/Preview Content\"";
				DEVELOPMENT_TEAM = FJAGVBA8NB;
				ENABLE_PREVIEWS = YES;
				GENERATE_INFOPLIST_FILE = YES;
				INFOPLIST_KEY_UIApplicationSceneManifest_Generation = YES;
				INFOPLIST_KEY_UIApplicationSupportsIndirectInputEvents = YES;
				INFOPLIST_KEY_UILaunchScreen_Generation = YES;
				INFOPLIST_KEY_UISupportedInterfaceOrientations_iPad = "UIInterfaceOrientationPortrait UIInterfaceOrientationPortraitUpsideDown UIInterfaceOrientationLandscapeLeft UIInterfaceOrientationLandscapeRight";
				INFOPLIST_KEY_UISupportedInterfaceOrientations_iPhone = "UIInterfaceOrientationPortrait UIInterfaceOrientationLandscapeLeft UIInterfaceOrientationLandscapeRight";
				LD_RUNPATH_SEARCH_PATHS = (
					"$(inherited)",
					"@executable_path/Frameworks",
				);
				MARKETING_VERSION = 1.0;
				PRODUCT_BUNDLE_IDENTIFIER = SunjBob.IceCream;
				PRODUCT_NAME = "$(TARGET_NAME)";
				SWIFT_EMIT_LOC_STRINGS = YES;
				SWIFT_VERSION = 5.0;
				TARGETED_DEVICE_FAMILY = "1,2";
			};
			name = Release;
		};
/* End XCBuildConfiguration section */

/* Begin XCConfigurationList section */
		FB8BEBDB2C24AA4E00FB8EB5 /* Build configuration list for PBXProject "IceCream" */ = {
			isa = XCConfigurationList;
			buildConfigurations = (
				FB8BEBEC2C24AA5000FB8EB5 /* Debug */,
				FB8BEBED2C24AA5000FB8EB5 /* Release */,
			);
			defaultConfigurationIsVisible = 0;
			defaultConfigurationName = Release;
		};
		FB8BEBEE2C24AA5000FB8EB5 /* Build configuration list for PBXNativeTarget "IceCream" */ = {
			isa = XCConfigurationList;
			buildConfigurations = (
				FB8BEBEF2C24AA5000FB8EB5 /* Debug */,
				FB8BEBF02C24AA5000FB8EB5 /* Release */,
			);
			defaultConfigurationIsVisible = 0;
			defaultConfigurationName = Release;
		};
/* End XCConfigurationList section */
	};
	rootObject = FB8BEBD82C24AA4E00FB8EB5 /* Project object */;
}
